
Microsoft Visual Studio Solution File, Format Version 12.00
# Visual Studio Version 17
VisualStudioVersion = 17.8.34330.188
MinimumVisualStudioVersion = 10.0.40219.1
Project("{2150E333-8FDC-42A3-9474-1A3956D46DE8}") = "FrontEnd", "FrontEnd", "{B1A569B7-4095-4B09-8BBF-C0BB9D22A2E1}"
EndProject
Project("{2150E333-8FDC-42A3-9474-1A3956D46DE8}") = "Gateway", "Gateway", "{D842F2E0-27B9-48D4-A564-7653C618CC51}"
EndProject
Project("{2150E333-8FDC-42A3-9474-1A3956D46DE8}") = "Integration", "Integration", "{1CA73297-004B-44CC-8D4E-3846F09A18E4}"
EndProject
Project("{2150E333-8FDC-42A3-9474-1A3956D46DE8}") = "Services", "Services", "{2D87E863-3BE2-4DF0-9E4A-C94B2D6163F9}"
EndProject
Project("{2150E333-8FDC-42A3-9474-1A3956D46DE8}") = "Core", "Core", "{113BB64C-0D72-4E24-B9BE-92A8D4961175}"
EndProject
Project("{FAE04EC0-301F-11D3-BF4B-00C04F79EFBC}") = "Neapolitana.Core.Lib", "src\Neapolitana.Core.Lib\Neapolitana.Core.Lib.csproj", "{1E7C16D0-B44C-4351-A6C6-07CCECFB4CF9}"
EndProject
Project("{FAE04EC0-301F-11D3-BF4B-00C04F79EFBC}") = "Naepolitana.Services.OrderAPI", "src\Naepolitana.Services.OrderAPI\Naepolitana.Services.OrderAPI.csproj", "{3779E3E2-3361-43C2-90F8-E3A0D48E97A8}"
EndProject
Project("{FAE04EC0-301F-11D3-BF4B-00C04F79EFBC}") = "Naepolitana.Services.ProductAPI", "src\Naepolitana.Services.ProductAPI\Naepolitana.Services.ProductAPI.csproj", "{AB7ECE02-CB99-46C6-B6AA-C46B7460668D}"
EndProject
Project("{FAE04EC0-301F-11D3-BF4B-00C04F79EFBC}") = "Neapolitana.Services.CouponAPI", "src\Neapolitana.Services.CouponAPI\Neapolitana.Services.CouponAPI.csproj", "{9535ADA5-52DC-42F9-BD51-20F948A21A11}"
EndProject
Project("{FAE04EC0-301F-11D3-BF4B-00C04F79EFBC}") = "Naepoliana.Web", "Naepoliana.Web\Naepoliana.Web.csproj", "{8FF01F7B-9B1F-4C89-9AFD-04DBAEF205F9}"
EndProject
Global
	GlobalSection(SolutionConfigurationPlatforms) = preSolution
		Debug|Any CPU = Debug|Any CPU
		Release|Any CPU = Release|Any CPU
	EndGlobalSection
	GlobalSection(ProjectConfigurationPlatforms) = postSolution
		{1E7C16D0-B44C-4351-A6C6-07CCECFB4CF9}.Debug|Any CPU.ActiveCfg = Debug|Any CPU
		{1E7C16D0-B44C-4351-A6C6-07CCECFB4CF9}.Debug|Any CPU.Build.0 = Debug|Any CPU
		{1E7C16D0-B44C-4351-A6C6-07CCECFB4CF9}.Release|Any CPU.ActiveCfg = Release|Any CPU
		{1E7C16D0-B44C-4351-A6C6-07CCECFB4CF9}.Release|Any CPU.Build.0 = Release|Any CPU
		{3779E3E2-3361-43C2-90F8-E3A0D48E97A8}.Debug|Any CPU.ActiveCfg = Debug|Any CPU
		{3779E3E2-3361-43C2-90F8-E3A0D48E97A8}.Debug|Any CPU.Build.0 = Debug|Any CPU
		{3779E3E2-3361-43C2-90F8-E3A0D48E97A8}.Release|Any CPU.ActiveCfg = Release|Any CPU
		{3779E3E2-3361-43C2-90F8-E3A0D48E97A8}.Release|Any CPU.Build.0 = Release|Any CPU
		{AB7ECE02-CB99-46C6-B6AA-C46B7460668D}.Debug|Any CPU.ActiveCfg = Debug|Any CPU
		{AB7ECE02-CB99-46C6-B6AA-C46B7460668D}.Debug|Any CPU.Build.0 = Debug|Any CPU
		{AB7ECE02-CB99-46C6-B6AA-C46B7460668D}.Release|Any CPU.ActiveCfg = Release|Any CPU
		{AB7ECE02-CB99-46C6-B6AA-C46B7460668D}.Release|Any CPU.Build.0 = Release|Any CPU
		{9535ADA5-52DC-42F9-BD51-20F948A21A11}.Debug|Any CPU.ActiveCfg = Debug|Any CPU
		{9535ADA5-52DC-42F9-BD51-20F948A21A11}.Debug|Any CPU.Build.0 = Debug|Any CPU
		{9535ADA5-52DC-42F9-BD51-20F948A21A11}.Release|Any CPU.ActiveCfg = Release|Any CPU
		{9535ADA5-52DC-42F9-BD51-20F948A21A11}.Release|Any CPU.Build.0 = Release|Any CPU
		{8FF01F7B-9B1F-4C89-9AFD-04DBAEF205F9}.Debug|Any CPU.ActiveCfg = Debug|Any CPU
		{8FF01F7B-9B1F-4C89-9AFD-04DBAEF205F9}.Debug|Any CPU.Build.0 = Debug|Any CPU
		{8FF01F7B-9B1F-4C89-9AFD-04DBAEF205F9}.Release|Any CPU.ActiveCfg = Release|Any CPU
		{8FF01F7B-9B1F-4C89-9AFD-04DBAEF205F9}.Release|Any CPU.Build.0 = Release|Any CPU
	EndGlobalSection
	GlobalSection(SolutionProperties) = preSolution
		HideSolutionNode = FALSE
	EndGlobalSection
	GlobalSection(NestedProjects) = preSolution
		{1E7C16D0-B44C-4351-A6C6-07CCECFB4CF9} = {113BB64C-0D72-4E24-B9BE-92A8D4961175}
		{3779E3E2-3361-43C2-90F8-E3A0D48E97A8} = {2D87E863-3BE2-4DF0-9E4A-C94B2D6163F9}
		{AB7ECE02-CB99-46C6-B6AA-C46B7460668D} = {2D87E863-3BE2-4DF0-9E4A-C94B2D6163F9}
		{9535ADA5-52DC-42F9-BD51-20F948A21A11} = {2D87E863-3BE2-4DF0-9E4A-C94B2D6163F9}
		{8FF01F7B-9B1F-4C89-9AFD-04DBAEF205F9} = {B1A569B7-4095-4B09-8BBF-C0BB9D22A2E1}
	EndGlobalSection
	GlobalSection(ExtensibilityGlobals) = postSolution
		SolutionGuid = {C9F89DC2-6112-493A-8450-AEF55D91DDF1}
	EndGlobalSection
EndGlobal
