
Microsoft Visual Studio Solution File, Format Version 12.00
# Visual Studio Version 17
VisualStudioVersion = 17.8.34330.188
MinimumVisualStudioVersion = 10.0.40219.1
Project("{2150E333-8FDC-42A3-9474-1A3956D46DE8}") = "FrontEnd", "FrontEnd", "{B1A569B7-4095-4B09-8BBF-C0BB9D22A2E1}"
EndProject
Project("{2150E333-8FDC-42A3-9474-1A3956D46DE8}") = "Gateway", "Gateway", "{D842F2E0-27B9-48D4-A564-7653C618CC51}"
EndProject
Project("{2150E333-8FDC-42A3-9474-1A3956D46DE8}") = "Integration", "Integration", "{1CA73297-004B-44CC-8D4E-3846F09A18E4}"
EndProject
Project("{2150E333-8FDC-42A3-9474-1A3956D46DE8}") = "Services", "Services", "{2D87E863-3BE2-4DF0-9E4A-C94B2D6163F9}"
EndProject
Project("{FAE04EC0-301F-11D3-BF4B-00C04F79EFBC}") = "Neapolitana.Services.CouponAPI", "Neapolitana.Services.CouponAPI\Neapolitana.Services.CouponAPI.csproj", "{8ACF5F18-ED28-4F4B-8035-043AA5AEA186}"
EndProject
Project("{2150E333-8FDC-42A3-9474-1A3956D46DE8}") = "Core", "Core", "{113BB64C-0D72-4E24-B9BE-92A8D4961175}"
EndProject
Project("{FAE04EC0-301F-11D3-BF4B-00C04F79EFBC}") = "Neapolitana.Core.Lib", "Neapolitana.Core.Lib\Neapolitana.Core.Lib.csproj", "{758762DD-A68E-46AC-8620-CBB017E6E0F6}"
EndProject
Project("{FAE04EC0-301F-11D3-BF4B-00C04F79EFBC}") = "Neapolitana.Web", "Neapolitana.Web\Neapolitana.Web.csproj", "{6AB02563-D0C4-48DB-9A00-9B58605C5FB5}"
EndProject
Global
	GlobalSection(SolutionConfigurationPlatforms) = preSolution
		Debug|Any CPU = Debug|Any CPU
		Release|Any CPU = Release|Any CPU
	EndGlobalSection
	GlobalSection(ProjectConfigurationPlatforms) = postSolution
		{8ACF5F18-ED28-4F4B-8035-043AA5AEA186}.Debug|Any CPU.ActiveCfg = Debug|Any CPU
		{8ACF5F18-ED28-4F4B-8035-043AA5AEA186}.Debug|Any CPU.Build.0 = Debug|Any CPU
		{8ACF5F18-ED28-4F4B-8035-043AA5AEA186}.Release|Any CPU.ActiveCfg = Release|Any CPU
		{8ACF5F18-ED28-4F4B-8035-043AA5AEA186}.Release|Any CPU.Build.0 = Release|Any CPU
		{758762DD-A68E-46AC-8620-CBB017E6E0F6}.Debug|Any CPU.ActiveCfg = Debug|Any CPU
		{758762DD-A68E-46AC-8620-CBB017E6E0F6}.Debug|Any CPU.Build.0 = Debug|Any CPU
		{758762DD-A68E-46AC-8620-CBB017E6E0F6}.Release|Any CPU.ActiveCfg = Release|Any CPU
		{758762DD-A68E-46AC-8620-CBB017E6E0F6}.Release|Any CPU.Build.0 = Release|Any CPU
		{6AB02563-D0C4-48DB-9A00-9B58605C5FB5}.Debug|Any CPU.ActiveCfg = Debug|Any CPU
		{6AB02563-D0C4-48DB-9A00-9B58605C5FB5}.Debug|Any CPU.Build.0 = Debug|Any CPU
		{6AB02563-D0C4-48DB-9A00-9B58605C5FB5}.Release|Any CPU.ActiveCfg = Release|Any CPU
		{6AB02563-D0C4-48DB-9A00-9B58605C5FB5}.Release|Any CPU.Build.0 = Release|Any CPU
	EndGlobalSection
	GlobalSection(SolutionProperties) = preSolution
		HideSolutionNode = FALSE
	EndGlobalSection
	GlobalSection(NestedProjects) = preSolution
		{8ACF5F18-ED28-4F4B-8035-043AA5AEA186} = {2D87E863-3BE2-4DF0-9E4A-C94B2D6163F9}
		{758762DD-A68E-46AC-8620-CBB017E6E0F6} = {113BB64C-0D72-4E24-B9BE-92A8D4961175}
		{6AB02563-D0C4-48DB-9A00-9B58605C5FB5} = {B1A569B7-4095-4B09-8BBF-C0BB9D22A2E1}
	EndGlobalSection
	GlobalSection(ExtensibilityGlobals) = postSolution
		SolutionGuid = {C9F89DC2-6112-493A-8450-AEF55D91DDF1}
	EndGlobalSection
EndGlobal
